
Microsoft Visual Studio Solution File, Format Version 12.00
# Visual Studio Version 17
VisualStudioVersion = 17.14.36414.22 d17.14
MinimumVisualStudioVersion = 10.0.40219.1
Project("{FAE04EC0-301F-11D3-BF4B-00C04F79EFBC}") = "_build", "build\_build.csproj", "{4056BD12-5FA8-4D2E-274A-7E85E858A5FC}"
EndProject
Project("{2150E333-8FDC-42A3-9474-1A3956D46DE8}") = "aspire", "aspire", "{64880D93-BAB4-FF83-898C-B934B68C31A9}"
EndProject
Project("{FAE04EC0-301F-11D3-BF4B-00C04F79EFBC}") = "Krafter.Aspire.AppHost", "aspire\Krafter.Aspire.AppHost\Krafter.Aspire.AppHost.csproj", "{76171C06-8FA8-0E84-A751-84AD607F47E5}"
EndProject
Project("{FAE04EC0-301F-11D3-BF4B-00C04F79EFBC}") = "Krafter.Aspire.ServiceDefaults", "aspire\Krafter.Aspire.ServiceDefaults\Krafter.Aspire.ServiceDefaults.csproj", "{9CCFF40E-9D51-7E8E-D857-30592F68FFA0}"
EndProject
Project("{2150E333-8FDC-42A3-9474-1A3956D46DE8}") = "src", "src", "{827E0CD3-B72D-47B6-A68D-7590B98EB39B}"
EndProject
Project("{2150E333-8FDC-42A3-9474-1A3956D46DE8}") = "API", "API", "{81034408-37C8-1011-444E-4C15C2FADA8E}"
EndProject
Project("{2150E333-8FDC-42A3-9474-1A3956D46DE8}") = "Application", "Application", "{7DEBADBD-D02E-99CA-9D56-C6C2583CEDDB}"
EndProject
Project("{FAE04EC0-301F-11D3-BF4B-00C04F79EFBC}") = "Krafter.Application", "src\API\Application\Krafter.Application\Krafter.Application.csproj", "{553F2C59-95BD-399E-20FB-791F231B914A}"
EndProject
Project("{2150E333-8FDC-42A3-9474-1A3956D46DE8}") = "Domain", "Domain", "{C933DD8B-DC35-002E-F2AC-DA2A5C9A1D06}"
EndProject
Project("{FAE04EC0-301F-11D3-BF4B-00C04F79EFBC}") = "Krafter.Domain", "src\API\Domain\Krafter.Domain\Krafter.Domain.csproj", "{D7A954DE-1C9B-0A25-9F64-67F5FE0ED2EF}"
EndProject
Project("{2150E333-8FDC-42A3-9474-1A3956D46DE8}") = "Infrastructure", "Infrastructure", "{428FAB85-D852-16B6-71EE-7C562E310D6D}"
EndProject
Project("{FAE04EC0-301F-11D3-BF4B-00C04F79EFBC}") = "Krafter.BackgroundJobs.Migrator", "src\API\Infrastructure\Krafter.BackgroundJobs.Migrator\Krafter.BackgroundJobs.Migrator.csproj", "{5F73F4DC-1671-40E5-8454-3BFCF8FF2019}"
EndProject
Project("{FAE04EC0-301F-11D3-BF4B-00C04F79EFBC}") = "Krafter.BackgroundJobs", "src\API\Infrastructure\Krafter.BackgroundJobs\Krafter.BackgroundJobs.csproj", "{A94977D0-0843-0CAB-6E24-5F29795C6E25}"
EndProject
Project("{FAE04EC0-301F-11D3-BF4B-00C04F79EFBC}") = "Krafter.Migrator", "src\API\Infrastructure\Krafter.Migrator\Krafter.Migrator.csproj", "{DFAAB3E7-9D9A-29AE-2DB0-9E2ED9F57776}"
EndProject
Project("{FAE04EC0-301F-11D3-BF4B-00C04F79EFBC}") = "Krafter.Persistence", "src\API\Infrastructure\Krafter.Persistence\Krafter.Persistence.csproj", "{08EAC88F-8826-05F5-98B9-C8C26319109C}"
EndProject
Project("{FAE04EC0-301F-11D3-BF4B-00C04F79EFBC}") = "Krafter.Tenant.Migrator", "src\API\Infrastructure\Krafter.Tenant.Migrator\Krafter.Tenant.Migrator.csproj", "{AE006100-D43E-D73D-0B2D-E7AA4A888693}"
EndProject
Project("{2150E333-8FDC-42A3-9474-1A3956D46DE8}") = "Presentation", "Presentation", "{A76F8B1D-969E-8964-50EC-280D9705856F}"
EndProject
Project("{FAE04EC0-301F-11D3-BF4B-00C04F79EFBC}") = "Krafter.API", "src\API\Presentation\Krafter.API\Krafter.API.csproj", "{8BE9DE16-2A83-6D96-D111-A7C4C1E40850}"
EndProject
Project("{2150E333-8FDC-42A3-9474-1A3956D46DE8}") = "Shared", "Shared", "{C8E42992-5E42-0C2B-DBFE-AA848D06431C}"
EndProject
Project("{FAE04EC0-301F-11D3-BF4B-00C04F79EFBC}") = "Krafter.Core", "src\Shared\Krafter.Core\Krafter.Core.csproj", "{F6126B37-B821-BE7A-1905-7AC5C9EC759C}"
EndProject
Project("{FAE04EC0-301F-11D3-BF4B-00C04F79EFBC}") = "Krafter.Shared", "src\Shared\Krafter.Shared\Krafter.Shared.csproj", "{2FD291C2-1EEE-9B08-10F9-D46239E65E41}"
EndProject
Project("{2150E333-8FDC-42A3-9474-1A3956D46DE8}") = "UI", "UI", "{BBB7B94B-6E11-D9F1-7BA6-9ECA82DB22BF}"
EndProject
Project("{FAE04EC0-301F-11D3-BF4B-00C04F79EFBC}") = "Krafter.UI.Shared", "src\UI\Krafter.UI.Shared\Krafter.UI.Shared.csproj", "{F7AAE60A-C17E-55FE-6640-E098A5E50895}"
EndProject
Project("{FAE04EC0-301F-11D3-BF4B-00C04F79EFBC}") = "Krafter.UI.Web.Client", "src\UI\Krafter.UI.Web.Client\Krafter.UI.Web.Client.csproj", "{2E8DA0B2-D9C6-F440-8DE9-9141674B4E5B}"
EndProject
Project("{FAE04EC0-301F-11D3-BF4B-00C04F79EFBC}") = "Krafter.UI.Web", "src\UI\Krafter.UI.Web\Krafter.UI.Web.csproj", "{EE836C99-5DD4-BD87-30A6-CEA5EE74230C}"
EndProject
Global
	GlobalSection(SolutionConfigurationPlatforms) = preSolution
		Debug|Any CPU = Debug|Any CPU
		Release|Any CPU = Release|Any CPU
	EndGlobalSection
	GlobalSection(ProjectConfigurationPlatforms) = postSolution
		{4056BD12-5FA8-4D2E-274A-7E85E858A5FC}.Debug|Any CPU.ActiveCfg = Debug|Any CPU
		{4056BD12-5FA8-4D2E-274A-7E85E858A5FC}.Debug|Any CPU.Build.0 = Debug|Any CPU
		{4056BD12-5FA8-4D2E-274A-7E85E858A5FC}.Release|Any CPU.ActiveCfg = Release|Any CPU
		{4056BD12-5FA8-4D2E-274A-7E85E858A5FC}.Release|Any CPU.Build.0 = Release|Any CPU
		{76171C06-8FA8-0E84-A751-84AD607F47E5}.Debug|Any CPU.ActiveCfg = Debug|Any CPU
		{76171C06-8FA8-0E84-A751-84AD607F47E5}.Debug|Any CPU.Build.0 = Debug|Any CPU
		{76171C06-8FA8-0E84-A751-84AD607F47E5}.Release|Any CPU.ActiveCfg = Release|Any CPU
		{76171C06-8FA8-0E84-A751-84AD607F47E5}.Release|Any CPU.Build.0 = Release|Any CPU
		{9CCFF40E-9D51-7E8E-D857-30592F68FFA0}.Debug|Any CPU.ActiveCfg = Debug|Any CPU
		{9CCFF40E-9D51-7E8E-D857-30592F68FFA0}.Debug|Any CPU.Build.0 = Debug|Any CPU
		{9CCFF40E-9D51-7E8E-D857-30592F68FFA0}.Release|Any CPU.ActiveCfg = Release|Any CPU
		{9CCFF40E-9D51-7E8E-D857-30592F68FFA0}.Release|Any CPU.Build.0 = Release|Any CPU
		{553F2C59-95BD-399E-20FB-791F231B914A}.Debug|Any CPU.ActiveCfg = Debug|Any CPU
		{553F2C59-95BD-399E-20FB-791F231B914A}.Debug|Any CPU.Build.0 = Debug|Any CPU
		{553F2C59-95BD-399E-20FB-791F231B914A}.Release|Any CPU.ActiveCfg = Release|Any CPU
		{553F2C59-95BD-399E-20FB-791F231B914A}.Release|Any CPU.Build.0 = Release|Any CPU
		{D7A954DE-1C9B-0A25-9F64-67F5FE0ED2EF}.Debug|Any CPU.ActiveCfg = Debug|Any CPU
		{D7A954DE-1C9B-0A25-9F64-67F5FE0ED2EF}.Debug|Any CPU.Build.0 = Debug|Any CPU
		{D7A954DE-1C9B-0A25-9F64-67F5FE0ED2EF}.Release|Any CPU.ActiveCfg = Release|Any CPU
		{D7A954DE-1C9B-0A25-9F64-67F5FE0ED2EF}.Release|Any CPU.Build.0 = Release|Any CPU
		{5F73F4DC-1671-40E5-8454-3BFCF8FF2019}.Debug|Any CPU.ActiveCfg = Debug|Any CPU
		{5F73F4DC-1671-40E5-8454-3BFCF8FF2019}.Debug|Any CPU.Build.0 = Debug|Any CPU
		{5F73F4DC-1671-40E5-8454-3BFCF8FF2019}.Release|Any CPU.ActiveCfg = Release|Any CPU
		{5F73F4DC-1671-40E5-8454-3BFCF8FF2019}.Release|Any CPU.Build.0 = Release|Any CPU
		{A94977D0-0843-0CAB-6E24-5F29795C6E25}.Debug|Any CPU.ActiveCfg = Debug|Any CPU
		{A94977D0-0843-0CAB-6E24-5F29795C6E25}.Debug|Any CPU.Build.0 = Debug|Any CPU
		{A94977D0-0843-0CAB-6E24-5F29795C6E25}.Release|Any CPU.ActiveCfg = Release|Any CPU
		{A94977D0-0843-0CAB-6E24-5F29795C6E25}.Release|Any CPU.Build.0 = Release|Any CPU
		{DFAAB3E7-9D9A-29AE-2DB0-9E2ED9F57776}.Debug|Any CPU.ActiveCfg = Debug|Any CPU
		{DFAAB3E7-9D9A-29AE-2DB0-9E2ED9F57776}.Debug|Any CPU.Build.0 = Debug|Any CPU
		{DFAAB3E7-9D9A-29AE-2DB0-9E2ED9F57776}.Release|Any CPU.ActiveCfg = Release|Any CPU
		{DFAAB3E7-9D9A-29AE-2DB0-9E2ED9F57776}.Release|Any CPU.Build.0 = Release|Any CPU
		{08EAC88F-8826-05F5-98B9-C8C26319109C}.Debug|Any CPU.ActiveCfg = Debug|Any CPU
		{08EAC88F-8826-05F5-98B9-C8C26319109C}.Debug|Any CPU.Build.0 = Debug|Any CPU
		{08EAC88F-8826-05F5-98B9-C8C26319109C}.Release|Any CPU.ActiveCfg = Release|Any CPU
		{08EAC88F-8826-05F5-98B9-C8C26319109C}.Release|Any CPU.Build.0 = Release|Any CPU
		{AE006100-D43E-D73D-0B2D-E7AA4A888693}.Debug|Any CPU.ActiveCfg = Debug|Any CPU
		{AE006100-D43E-D73D-0B2D-E7AA4A888693}.Debug|Any CPU.Build.0 = Debug|Any CPU
		{AE006100-D43E-D73D-0B2D-E7AA4A888693}.Release|Any CPU.ActiveCfg = Release|Any CPU
		{AE006100-D43E-D73D-0B2D-E7AA4A888693}.Release|Any CPU.Build.0 = Release|Any CPU
		{8BE9DE16-2A83-6D96-D111-A7C4C1E40850}.Debug|Any CPU.ActiveCfg = Debug|Any CPU
		{8BE9DE16-2A83-6D96-D111-A7C4C1E40850}.Debug|Any CPU.Build.0 = Debug|Any CPU
		{8BE9DE16-2A83-6D96-D111-A7C4C1E40850}.Release|Any CPU.ActiveCfg = Release|Any CPU
		{8BE9DE16-2A83-6D96-D111-A7C4C1E40850}.Release|Any CPU.Build.0 = Release|Any CPU
		{F6126B37-B821-BE7A-1905-7AC5C9EC759C}.Debug|Any CPU.ActiveCfg = Debug|Any CPU
		{F6126B37-B821-BE7A-1905-7AC5C9EC759C}.Debug|Any CPU.Build.0 = Debug|Any CPU
		{F6126B37-B821-BE7A-1905-7AC5C9EC759C}.Release|Any CPU.ActiveCfg = Release|Any CPU
		{F6126B37-B821-BE7A-1905-7AC5C9EC759C}.Release|Any CPU.Build.0 = Release|Any CPU
		{2FD291C2-1EEE-9B08-10F9-D46239E65E41}.Debug|Any CPU.ActiveCfg = Debug|Any CPU
		{2FD291C2-1EEE-9B08-10F9-D46239E65E41}.Debug|Any CPU.Build.0 = Debug|Any CPU
		{2FD291C2-1EEE-9B08-10F9-D46239E65E41}.Release|Any CPU.ActiveCfg = Release|Any CPU
		{2FD291C2-1EEE-9B08-10F9-D46239E65E41}.Release|Any CPU.Build.0 = Release|Any CPU
		{F7AAE60A-C17E-55FE-6640-E098A5E50895}.Debug|Any CPU.ActiveCfg = Debug|Any CPU
		{F7AAE60A-C17E-55FE-6640-E098A5E50895}.Debug|Any CPU.Build.0 = Debug|Any CPU
		{F7AAE60A-C17E-55FE-6640-E098A5E50895}.Release|Any CPU.ActiveCfg = Release|Any CPU
		{F7AAE60A-C17E-55FE-6640-E098A5E50895}.Release|Any CPU.Build.0 = Release|Any CPU
		{2E8DA0B2-D9C6-F440-8DE9-9141674B4E5B}.Debug|Any CPU.ActiveCfg = Debug|Any CPU
		{2E8DA0B2-D9C6-F440-8DE9-9141674B4E5B}.Debug|Any CPU.Build.0 = Debug|Any CPU
		{2E8DA0B2-D9C6-F440-8DE9-9141674B4E5B}.Release|Any CPU.ActiveCfg = Release|Any CPU
		{2E8DA0B2-D9C6-F440-8DE9-9141674B4E5B}.Release|Any CPU.Build.0 = Release|Any CPU
		{EE836C99-5DD4-BD87-30A6-CEA5EE74230C}.Debug|Any CPU.ActiveCfg = Debug|Any CPU
		{EE836C99-5DD4-BD87-30A6-CEA5EE74230C}.Debug|Any CPU.Build.0 = Debug|Any CPU
		{EE836C99-5DD4-BD87-30A6-CEA5EE74230C}.Release|Any CPU.ActiveCfg = Release|Any CPU
		{EE836C99-5DD4-BD87-30A6-CEA5EE74230C}.Release|Any CPU.Build.0 = Release|Any CPU
	EndGlobalSection
	GlobalSection(SolutionProperties) = preSolution
		HideSolutionNode = FALSE
	EndGlobalSection
	GlobalSection(NestedProjects) = preSolution
		{76171C06-8FA8-0E84-A751-84AD607F47E5} = {64880D93-BAB4-FF83-898C-B934B68C31A9}
		{9CCFF40E-9D51-7E8E-D857-30592F68FFA0} = {64880D93-BAB4-FF83-898C-B934B68C31A9}
		{81034408-37C8-1011-444E-4C15C2FADA8E} = {827E0CD3-B72D-47B6-A68D-7590B98EB39B}
		{7DEBADBD-D02E-99CA-9D56-C6C2583CEDDB} = {81034408-37C8-1011-444E-4C15C2FADA8E}
		{553F2C59-95BD-399E-20FB-791F231B914A} = {7DEBADBD-D02E-99CA-9D56-C6C2583CEDDB}
		{C933DD8B-DC35-002E-F2AC-DA2A5C9A1D06} = {81034408-37C8-1011-444E-4C15C2FADA8E}
		{D7A954DE-1C9B-0A25-9F64-67F5FE0ED2EF} = {C933DD8B-DC35-002E-F2AC-DA2A5C9A1D06}
		{428FAB85-D852-16B6-71EE-7C562E310D6D} = {81034408-37C8-1011-444E-4C15C2FADA8E}
		{5F73F4DC-1671-40E5-8454-3BFCF8FF2019} = {428FAB85-D852-16B6-71EE-7C562E310D6D}
		{A94977D0-0843-0CAB-6E24-5F29795C6E25} = {428FAB85-D852-16B6-71EE-7C562E310D6D}
		{DFAAB3E7-9D9A-29AE-2DB0-9E2ED9F57776} = {428FAB85-D852-16B6-71EE-7C562E310D6D}
		{08EAC88F-8826-05F5-98B9-C8C26319109C} = {428FAB85-D852-16B6-71EE-7C562E310D6D}
		{AE006100-D43E-D73D-0B2D-E7AA4A888693} = {428FAB85-D852-16B6-71EE-7C562E310D6D}
		{A76F8B1D-969E-8964-50EC-280D9705856F} = {81034408-37C8-1011-444E-4C15C2FADA8E}
		{8BE9DE16-2A83-6D96-D111-A7C4C1E40850} = {A76F8B1D-969E-8964-50EC-280D9705856F}
		{C8E42992-5E42-0C2B-DBFE-AA848D06431C} = {827E0CD3-B72D-47B6-A68D-7590B98EB39B}
		{F6126B37-B821-BE7A-1905-7AC5C9EC759C} = {C8E42992-5E42-0C2B-DBFE-AA848D06431C}
		{2FD291C2-1EEE-9B08-10F9-D46239E65E41} = {C8E42992-5E42-0C2B-DBFE-AA848D06431C}
		{BBB7B94B-6E11-D9F1-7BA6-9ECA82DB22BF} = {827E0CD3-B72D-47B6-A68D-7590B98EB39B}
		{F7AAE60A-C17E-55FE-6640-E098A5E50895} = {BBB7B94B-6E11-D9F1-7BA6-9ECA82DB22BF}
		{2E8DA0B2-D9C6-F440-8DE9-9141674B4E5B} = {BBB7B94B-6E11-D9F1-7BA6-9ECA82DB22BF}
		{EE836C99-5DD4-BD87-30A6-CEA5EE74230C} = {BBB7B94B-6E11-D9F1-7BA6-9ECA82DB22BF}
	EndGlobalSection
EndGlobal
